
Microsoft Visual Studio Solution File, Format Version 12.00
# Visual Studio Version 17
VisualStudioVersion = 17.7.34009.444
MinimumVisualStudioVersion = 10.0.40219.1
Project("{FAE04EC0-301F-11D3-BF4B-00C04F79EFBC}") = "TutorialWebApp", "TutorialWebApp\TutorialWebApp.csproj", "{2B08A2F2-5DDD-4701-B610-2E2E53379C0D}"
EndProject
Global
	GlobalSection(SolutionConfigurationPlatforms) = preSolution
		Debug|Any CPU = Debug|Any CPU
		Release|Any CPU = Release|Any CPU
	EndGlobalSection
	GlobalSection(ProjectConfigurationPlatforms) = postSolution
		{2B08A2F2-5DDD-4701-B610-2E2E53379C0D}.Debug|Any CPU.ActiveCfg = Debug|Any CPU
		{2B08A2F2-5DDD-4701-B610-2E2E53379C0D}.Debug|Any CPU.Build.0 = Debug|Any CPU
		{2B08A2F2-5DDD-4701-B610-2E2E53379C0D}.Release|Any CPU.ActiveCfg = Release|Any CPU
		{2B08A2F2-5DDD-4701-B610-2E2E53379C0D}.Release|Any CPU.Build.0 = Release|Any CPU
	EndGlobalSection
	GlobalSection(SolutionProperties) = preSolution
		HideSolutionNode = FALSE
	EndGlobalSection
	GlobalSection(ExtensibilityGlobals) = postSolution
		SolutionGuid = {F6F99546-E7B1-4978-8FD1-E7957F425585}
	EndGlobalSection
EndGlobal
